{
  "name": "bjork_usestorage",
  "version": "1.1.0",
  "lockfileVersion": 1,
  "requires": true,
  "dependencies": {
    "bjork_cookie": {
      "version": "1.1.0",
      "resolved": "https://registry.npmjs.org/bjork_cookie/-/bjork_cookie-1.1.0.tgz",
      "integrity": "sha512-K4p233z3SN7lL2gpFr3j1St4ujDqq8NNtdS/LpnFL6bbFb6nuVSP3pmIqf3R01fLACxIopmIJNgxrTq+dm15Vw=="
    }
  }
}
